
Microsoft Visual Studio Solution File, Format Version 12.00
# Visual Studio Version 17
VisualStudioVersion = 17.8.34525.116
MinimumVisualStudioVersion = 10.0.40219.1
Project("{FAE04EC0-301F-11D3-BF4B-00C04F79EFBC}") = "RabbitNewSubscriber", "RabbitNewSubscriber\RabbitNewSubscriber.csproj", "{0D151CAC-5967-4234-A68F-A006DCBB22F8}"
EndProject
Project("{FAE04EC0-301F-11D3-BF4B-00C04F79EFBC}") = "RabbitPublisher", "RabbitPublisher\RabbitPublisher.csproj", "{C07DBD08-E784-4B7C-A3BC-F1692E7424BD}"
EndProject
Global
	GlobalSection(SolutionConfigurationPlatforms) = preSolution
		Debug|Any CPU = Debug|Any CPU
		Release|Any CPU = Release|Any CPU
	EndGlobalSection
	GlobalSection(ProjectConfigurationPlatforms) = postSolution
		{0D151CAC-5967-4234-A68F-A006DCBB22F8}.Debug|Any CPU.ActiveCfg = Debug|Any CPU
		{0D151CAC-5967-4234-A68F-A006DCBB22F8}.Debug|Any CPU.Build.0 = Debug|Any CPU
		{0D151CAC-5967-4234-A68F-A006DCBB22F8}.Release|Any CPU.ActiveCfg = Release|Any CPU
		{0D151CAC-5967-4234-A68F-A006DCBB22F8}.Release|Any CPU.Build.0 = Release|Any CPU
		{C07DBD08-E784-4B7C-A3BC-F1692E7424BD}.Debug|Any CPU.ActiveCfg = Debug|Any CPU
		{C07DBD08-E784-4B7C-A3BC-F1692E7424BD}.Debug|Any CPU.Build.0 = Debug|Any CPU
		{C07DBD08-E784-4B7C-A3BC-F1692E7424BD}.Release|Any CPU.ActiveCfg = Release|Any CPU
		{C07DBD08-E784-4B7C-A3BC-F1692E7424BD}.Release|Any CPU.Build.0 = Release|Any CPU
	EndGlobalSection
	GlobalSection(SolutionProperties) = preSolution
		HideSolutionNode = FALSE
	EndGlobalSection
	GlobalSection(ExtensibilityGlobals) = postSolution
		SolutionGuid = {0E5F35E3-895D-452E-AC58-4A7618481619}
	EndGlobalSection
EndGlobal
